
Microsoft Visual Studio Solution File, Format Version 12.00
# Visual Studio Version 18
VisualStudioVersion = 18.0.11217.181 d18.0
MinimumVisualStudioVersion = 10.0.40219.1
Project("{FAE04EC0-301F-11D3-BF4B-00C04F79EFBC}") = "AlmaHogarFront", "AlmaHogarFront.csproj", "{FA9A61EE-B3AB-B3E4-BC74-35C79F48089C}"
EndProject
Project("{FAE04EC0-301F-11D3-BF4B-00C04F79EFBC}") = "APIAlmaHogar", "..\..\..\Downloads\backend\API_ALMAHOGAR_CSHARP\APIAlmaHogar.csproj", "{8DDDAF2E-5237-FF7A-8B85-3B9256ECBEAE}"
EndProject
Global
	GlobalSection(SolutionConfigurationPlatforms) = preSolution
		Debug|Any CPU = Debug|Any CPU
		Release|Any CPU = Release|Any CPU
	EndGlobalSection
	GlobalSection(ProjectConfigurationPlatforms) = postSolution
		{FA9A61EE-B3AB-B3E4-BC74-35C79F48089C}.Debug|Any CPU.ActiveCfg = Debug|Any CPU
		{FA9A61EE-B3AB-B3E4-BC74-35C79F48089C}.Debug|Any CPU.Build.0 = Debug|Any CPU
		{FA9A61EE-B3AB-B3E4-BC74-35C79F48089C}.Release|Any CPU.ActiveCfg = Release|Any CPU
		{FA9A61EE-B3AB-B3E4-BC74-35C79F48089C}.Release|Any CPU.Build.0 = Release|Any CPU
		{8DDDAF2E-5237-FF7A-8B85-3B9256ECBEAE}.Debug|Any CPU.ActiveCfg = Debug|Any CPU
		{8DDDAF2E-5237-FF7A-8B85-3B9256ECBEAE}.Debug|Any CPU.Build.0 = Debug|Any CPU
		{8DDDAF2E-5237-FF7A-8B85-3B9256ECBEAE}.Release|Any CPU.ActiveCfg = Release|Any CPU
		{8DDDAF2E-5237-FF7A-8B85-3B9256ECBEAE}.Release|Any CPU.Build.0 = Release|Any CPU
	EndGlobalSection
	GlobalSection(SolutionProperties) = preSolution
		HideSolutionNode = FALSE
	EndGlobalSection
	GlobalSection(ExtensibilityGlobals) = postSolution
		SolutionGuid = {A877B7BC-D448-4E93-AAE2-B043F001E847}
	EndGlobalSection
EndGlobal
